
Microsoft Visual Studio Solution File, Format Version 12.00
# Visual Studio Version 17
VisualStudioVersion = 17.8.34511.84
MinimumVisualStudioVersion = 10.0.40219.1
Project("{8BC9CEB8-8B4A-11D0-8D11-00A0C91BC942}") = "CudaGEMM", "CudaGEMM\CudaGEMM.vcxproj", "{B1158089-F04F-4547-88AB-EE4D0C6B0317}"
EndProject
Global
	GlobalSection(SolutionConfigurationPlatforms) = preSolution
		Debug|x64 = Debug|x64
		Release|x64 = Release|x64
	EndGlobalSection
	GlobalSection(ProjectConfigurationPlatforms) = postSolution
		{B1158089-F04F-4547-88AB-EE4D0C6B0317}.Debug|x64.ActiveCfg = Debug|x64
		{B1158089-F04F-4547-88AB-EE4D0C6B0317}.Debug|x64.Build.0 = Debug|x64
		{B1158089-F04F-4547-88AB-EE4D0C6B0317}.Release|x64.ActiveCfg = Release|x64
		{B1158089-F04F-4547-88AB-EE4D0C6B0317}.Release|x64.Build.0 = Release|x64
	EndGlobalSection
	GlobalSection(SolutionProperties) = preSolution
		HideSolutionNode = FALSE
	EndGlobalSection
	GlobalSection(ExtensibilityGlobals) = postSolution
		SolutionGuid = {BB9E860F-F79A-4BFD-929E-9C93EF268E3F}
	EndGlobalSection
EndGlobal
